// !$*UTF8*$!
{
	archiveVersion = 1;
	classes = {
	};
	objectVersion = 56;
	objects = {

/* Begin PBXBuildFile section */
		09FDD74429C1192800908E5D /* AppDelegate.swift in Sources */ = {isa = PBXBuildFile; fileRef = 09FDD74329C1192800908E5D /* AppDelegate.swift */; };
		09FDD74629C1192800908E5D /* SceneDelegate.swift in Sources */ = {isa = PBXBuildFile; fileRef = 09FDD74529C1192800908E5D /* SceneDelegate.swift */; };
		09FDD74829C1192800908E5D /* ViewController.swift in Sources */ = {isa = PBXBuildFile; fileRef = 09FDD74729C1192800908E5D /* ViewController.swift */; };
		09FDD74B29C1192800908E5D /* Main.storyboard in Resources */ = {isa = PBXBuildFile; fileRef = 09FDD74929C1192800908E5D /* Main.storyboard */; };
		09FDD74D29C1192900908E5D /* Assets.xcassets in Resources */ = {isa = PBXBuildFile; fileRef = 09FDD74C29C1192900908E5D /* Assets.xcassets */; };
		09FDD75029C1192900908E5D /* LaunchScreen.storyboard in Resources */ = {isa = PBXBuildFile; fileRef = 09FDD74E29C1192900908E5D /* LaunchScreen.storyboard */; };
		09FDD75B29C1192900908E5D /* CodeNotesCoreTechTests.swift in Sources */ = {isa = PBXBuildFile; fileRef = 09FDD75A29C1192900908E5D /* CodeNotesCoreTechTests.swift */; };
		09FDD76529C1192900908E5D /* CodeNotesCoreTechUITests.swift in Sources */ = {isa = PBXBuildFile; fileRef = 09FDD76429C1192900908E5D /* CodeNotesCoreTechUITests.swift */; };
		09FDD76729C1192900908E5D /* CodeNotesCoreTechUITestsLaunchTests.swift in Sources */ = {isa = PBXBuildFile; fileRef = 09FDD76629C1192900908E5D /* CodeNotesCoreTechUITestsLaunchTests.swift */; };
		24C7332C29D66042C0760614 /* Pods_CodeNotesCoreTechTests.framework in Frameworks */ = {isa = PBXBuildFile; fileRef = 2CDBC54E8FDE283BFE1D2029 /* Pods_CodeNotesCoreTechTests.framework */; };
		8870C01BBAF8263D6F8ADF22 /* Pods_CodeNotesCoreTech.framework in Frameworks */ = {isa = PBXBuildFile; fileRef = 44C5EFFE0DEBD5D75F5AA1B3 /* Pods_CodeNotesCoreTech.framework */; };
		FDFF533D08E5D027BC35EFFD /* Pods_CodeNotesCoreTech_CodeNotesCoreTechUITests.framework in Frameworks */ = {isa = PBXBuildFile; fileRef = 9A5CDC740141438DBCBA1FD0 /* Pods_CodeNotesCoreTech_CodeNotesCoreTechUITests.framework */; };
/* End PBXBuildFile section */

/* Begin PBXContainerItemProxy section */
		09FDD75729C1192900908E5D /* PBXContainerItemProxy */ = {
			isa = PBXContainerItemProxy;
			containerPortal = 09FDD73829C1192800908E5D /* Project object */;
			proxyType = 1;
			remoteGlobalIDString = 09FDD73F29C1192800908E5D;
			remoteInfo = CodeNotesCoreTech;
		};
		09FDD76129C1192900908E5D /* PBXContainerItemProxy */ = {
			isa = PBXContainerItemProxy;
			containerPortal = 09FDD73829C1192800908E5D /* Project object */;
			proxyType = 1;
			remoteGlobalIDString = 09FDD73F29C1192800908E5D;
			remoteInfo = CodeNotesCoreTech;
		};
/* End PBXContainerItemProxy section */

/* Begin PBXFileReference section */
		09FDD74029C1192800908E5D /* CodeNotesCoreTech.app */ = {isa = PBXFileReference; explicitFileType = wrapper.application; includeInIndex = 0; path = CodeNotesCoreTech.app; sourceTree = BUILT_PRODUCTS_DIR; };
		09FDD74329C1192800908E5D /* AppDelegate.swift */ = {isa = PBXFileReference; lastKnownFileType = sourcecode.swift; path = AppDelegate.swift; sourceTree = "<group>"; };
		09FDD74529C1192800908E5D /* SceneDelegate.swift */ = {isa = PBXFileReference; lastKnownFileType = sourcecode.swift; path = SceneDelegate.swift; sourceTree = "<group>"; };
		09FDD74729C1192800908E5D /* ViewController.swift */ = {isa = PBXFileReference; lastKnownFileType = sourcecode.swift; path = ViewController.swift; sourceTree = "<group>"; };
		09FDD74A29C1192800908E5D /* Base */ = {isa = PBXFileReference; lastKnownFileType = file.storyboard; name = Base; path = Base.lproj/Main.storyboard; sourceTree = "<group>"; };
		09FDD74C29C1192900908E5D /* Assets.xcassets */ = {isa = PBXFileReference; lastKnownFileType = folder.assetcatalog; path = Assets.xcassets; sourceTree = "<group>"; };
		09FDD74F29C1192900908E5D /* Base */ = {isa = PBXFileReference; lastKnownFileType = file.storyboard; name = Base; path = Base.lproj/LaunchScreen.storyboard; sourceTree = "<group>"; };
		09FDD75129C1192900908E5D /* Info.plist */ = {isa = PBXFileReference; lastKnownFileType = text.plist.xml; path = Info.plist; sourceTree = "<group>"; };
		09FDD75629C1192900908E5D /* CodeNotesCoreTechTests.xctest */ = {isa = PBXFileReference; explicitFileType = wrapper.cfbundle; includeInIndex = 0; path = CodeNotesCoreTechTests.xctest; sourceTree = BUILT_PRODUCTS_DIR; };
		09FDD75A29C1192900908E5D /* CodeNotesCoreTechTests.swift */ = {isa = PBXFileReference; lastKnownFileType = sourcecode.swift; path = CodeNotesCoreTechTests.swift; sourceTree = "<group>"; };
		09FDD76029C1192900908E5D /* CodeNotesCoreTechUITests.xctest */ = {isa = PBXFileReference; explicitFileType = wrapper.cfbundle; includeInIndex = 0; path = CodeNotesCoreTechUITests.xctest; sourceTree = BUILT_PRODUCTS_DIR; };
		09FDD76429C1192900908E5D /* CodeNotesCoreTechUITests.swift */ = {isa = PBXFileReference; lastKnownFileType = sourcecode.swift; path = CodeNotesCoreTechUITests.swift; sourceTree = "<group>"; };
		09FDD76629C1192900908E5D /* CodeNotesCoreTechUITestsLaunchTests.swift */ = {isa = PBXFileReference; lastKnownFileType = sourcecode.swift; path = CodeNotesCoreTechUITestsLaunchTests.swift; sourceTree = "<group>"; };
		2CDBC54E8FDE283BFE1D2029 /* Pods_CodeNotesCoreTechTests.framework */ = {isa = PBXFileReference; explicitFileType = wrapper.framework; includeInIndex = 0; path = Pods_CodeNotesCoreTechTests.framework; sourceTree = BUILT_PRODUCTS_DIR; };
		44C5EFFE0DEBD5D75F5AA1B3 /* Pods_CodeNotesCoreTech.framework */ = {isa = PBXFileReference; explicitFileType = wrapper.framework; includeInIndex = 0; path = Pods_CodeNotesCoreTech.framework; sourceTree = BUILT_PRODUCTS_DIR; };
		49A350748AD8EC46215AD2E5 /* Pods-CodeNotesCoreTech.release.xcconfig */ = {isa = PBXFileReference; includeInIndex = 1; lastKnownFileType = text.xcconfig; name = "Pods-CodeNotesCoreTech.release.xcconfig"; path = "Target Support Files/Pods-CodeNotesCoreTech/Pods-CodeNotesCoreTech.release.xcconfig"; sourceTree = "<group>"; };
		4A110247FD62F525437D2F8F /* Pods-CodeNotesCoreTech.debug.xcconfig */ = {isa = PBXFileReference; includeInIndex = 1; lastKnownFileType = text.xcconfig; name = "Pods-CodeNotesCoreTech.debug.xcconfig"; path = "Target Support Files/Pods-CodeNotesCoreTech/Pods-CodeNotesCoreTech.debug.xcconfig"; sourceTree = "<group>"; };
		75ED5EB15600D02363461568 /* Pods-CodeNotesCoreTechTests.release.xcconfig */ = {isa = PBXFileReference; includeInIndex = 1; lastKnownFileType = text.xcconfig; name = "Pods-CodeNotesCoreTechTests.release.xcconfig"; path = "Target Support Files/Pods-CodeNotesCoreTechTests/Pods-CodeNotesCoreTechTests.release.xcconfig"; sourceTree = "<group>"; };
		9A5CDC740141438DBCBA1FD0 /* Pods_CodeNotesCoreTech_CodeNotesCoreTechUITests.framework */ = {isa = PBXFileReference; explicitFileType = wrapper.framework; includeInIndex = 0; path = Pods_CodeNotesCoreTech_CodeNotesCoreTechUITests.framework; sourceTree = BUILT_PRODUCTS_DIR; };
		C7AFF07D654A14A58A543845 /* Pods-CodeNotesCoreTechTests.debug.xcconfig */ = {isa = PBXFileReference; includeInIndex = 1; lastKnownFileType = text.xcconfig; name = "Pods-CodeNotesCoreTechTests.debug.xcconfig"; path = "Target Support Files/Pods-CodeNotesCoreTechTests/Pods-CodeNotesCoreTechTests.debug.xcconfig"; sourceTree = "<group>"; };
		E7F5CC3456F1A9215A6CE25D /* Pods-CodeNotesCoreTech-CodeNotesCoreTechUITests.debug.xcconfig */ = {isa = PBXFileReference; includeInIndex = 1; lastKnownFileType = text.xcconfig; name = "Pods-CodeNotesCoreTech-CodeNotesCoreTechUITests.debug.xcconfig"; path = "Target Support Files/Pods-CodeNotesCoreTech-CodeNotesCoreTechUITests/Pods-CodeNotesCoreTech-CodeNotesCoreTechUITests.debug.xcconfig"; sourceTree = "<group>"; };
		EC75B54D62651DF6D653ACA0 /* Pods-CodeNotesCoreTech-CodeNotesCoreTechUITests.release.xcconfig */ = {isa = PBXFileReference; includeInIndex = 1; lastKnownFileType = text.xcconfig; name = "Pods-CodeNotesCoreTech-CodeNotesCoreTechUITests.release.xcconfig"; path = "Target Support Files/Pods-CodeNotesCoreTech-CodeNotesCoreTechUITests/Pods-CodeNotesCoreTech-CodeNotesCoreTechUITests.release.xcconfig"; sourceTree = "<group>"; };
/* End PBXFileReference section */

/* Begin PBXFrameworksBuildPhase section */
		09FDD73D29C1192800908E5D /* Frameworks */ = {
			isa = PBXFrameworksBuildPhase;
			buildActionMask = 2147483647;
			files = (
				8870C01BBAF8263D6F8ADF22 /* Pods_CodeNotesCoreTech.framework in Frameworks */,
			);
			runOnlyForDeploymentPostprocessing = 0;
		};
		09FDD75329C1192900908E5D /* Frameworks */ = {
			isa = PBXFrameworksBuildPhase;
			buildActionMask = 2147483647;
			files = (
				24C7332C29D66042C0760614 /* Pods_CodeNotesCoreTechTests.framework in Frameworks */,
			);
			runOnlyForDeploymentPostprocessing = 0;
		};
		09FDD75D29C1192900908E5D /* Frameworks */ = {
			isa = PBXFrameworksBuildPhase;
			buildActionMask = 2147483647;
			files = (
				FDFF533D08E5D027BC35EFFD /* Pods_CodeNotesCoreTech_CodeNotesCoreTechUITests.framework in Frameworks */,
			);
			runOnlyForDeploymentPostprocessing = 0;
		};
/* End PBXFrameworksBuildPhase section */

/* Begin PBXGroup section */
		09FDD73729C1192800908E5D = {
			isa = PBXGroup;
			children = (
				09FDD74229C1192800908E5D /* CodeNotesCoreTech */,
				09FDD75929C1192900908E5D /* CodeNotesCoreTechTests */,
				09FDD76329C1192900908E5D /* CodeNotesCoreTechUITests */,
				09FDD74129C1192800908E5D /* Products */,
				E7B22DF3D72AE86610FD0B69 /* Pods */,
				44575BB82310D91AA9AB2833 /* Frameworks */,
			);
			sourceTree = "<group>";
		};
		09FDD74129C1192800908E5D /* Products */ = {
			isa = PBXGroup;
			children = (
				09FDD74029C1192800908E5D /* CodeNotesCoreTech.app */,
				09FDD75629C1192900908E5D /* CodeNotesCoreTechTests.xctest */,
				09FDD76029C1192900908E5D /* CodeNotesCoreTechUITests.xctest */,
			);
			name = Products;
			sourceTree = "<group>";
		};
		09FDD74229C1192800908E5D /* CodeNotesCoreTech */ = {
			isa = PBXGroup;
			children = (
				09FDD74329C1192800908E5D /* AppDelegate.swift */,
				09FDD74529C1192800908E5D /* SceneDelegate.swift */,
				09FDD74729C1192800908E5D /* ViewController.swift */,
				09FDD74929C1192800908E5D /* Main.storyboard */,
				09FDD74C29C1192900908E5D /* Assets.xcassets */,
				09FDD74E29C1192900908E5D /* LaunchScreen.storyboard */,
				09FDD75129C1192900908E5D /* Info.plist */,
			);
			path = CodeNotesCoreTech;
			sourceTree = "<group>";
		};
		09FDD75929C1192900908E5D /* CodeNotesCoreTechTests */ = {
			isa = PBXGroup;
			children = (
				09FDD75A29C1192900908E5D /* CodeNotesCoreTechTests.swift */,
			);
			path = CodeNotesCoreTechTests;
			sourceTree = "<group>";
		};
		09FDD76329C1192900908E5D /* CodeNotesCoreTechUITests */ = {
			isa = PBXGroup;
			children = (
				09FDD76429C1192900908E5D /* CodeNotesCoreTechUITests.swift */,
				09FDD76629C1192900908E5D /* CodeNotesCoreTechUITestsLaunchTests.swift */,
			);
			path = CodeNotesCoreTechUITests;
			sourceTree = "<group>";
		};
		44575BB82310D91AA9AB2833 /* Frameworks */ = {
			isa = PBXGroup;
			children = (
				44C5EFFE0DEBD5D75F5AA1B3 /* Pods_CodeNotesCoreTech.framework */,
				9A5CDC740141438DBCBA1FD0 /* Pods_CodeNotesCoreTech_CodeNotesCoreTechUITests.framework */,
				2CDBC54E8FDE283BFE1D2029 /* Pods_CodeNotesCoreTechTests.framework */,
			);
			name = Frameworks;
			sourceTree = "<group>";
		};
		E7B22DF3D72AE86610FD0B69 /* Pods */ = {
			isa = PBXGroup;
			children = (
				4A110247FD62F525437D2F8F /* Pods-CodeNotesCoreTech.debug.xcconfig */,
				49A350748AD8EC46215AD2E5 /* Pods-CodeNotesCoreTech.release.xcconfig */,
				E7F5CC3456F1A9215A6CE25D /* Pods-CodeNotesCoreTech-CodeNotesCoreTechUITests.debug.xcconfig */,
				EC75B54D62651DF6D653ACA0 /* Pods-CodeNotesCoreTech-CodeNotesCoreTechUITests.release.xcconfig */,
				C7AFF07D654A14A58A543845 /* Pods-CodeNotesCoreTechTests.debug.xcconfig */,
				75ED5EB15600D02363461568 /* Pods-CodeNotesCoreTechTests.release.xcconfig */,
			);
			path = Pods;
			sourceTree = "<group>";
		};
/* End PBXGroup section */

/* Begin PBXNativeTarget section */
		09FDD73F29C1192800908E5D /* CodeNotesCoreTech */ = {
			isa = PBXNativeTarget;
			buildConfigurationList = 09FDD76A29C1192900908E5D /* Build configuration list for PBXNativeTarget "CodeNotesCoreTech" */;
			buildPhases = (
				803FD003A5F768B0ACB4A1C0 /* [CP] Check Pods Manifest.lock */,
				09FDD73C29C1192800908E5D /* Sources */,
				09FDD73D29C1192800908E5D /* Frameworks */,
				09FDD73E29C1192800908E5D /* Resources */,
				362EC2A48CA45196057E72B0 /* [CP] Embed Pods Frameworks */,
			);
			buildRules = (
			);
			dependencies = (
			);
			name = CodeNotesCoreTech;
			productName = CodeNotesCoreTech;
			productReference = 09FDD74029C1192800908E5D /* CodeNotesCoreTech.app */;
			productType = "com.apple.product-type.application";
		};
		09FDD75529C1192900908E5D /* CodeNotesCoreTechTests */ = {
			isa = PBXNativeTarget;
			buildConfigurationList = 09FDD76D29C1192900908E5D /* Build configuration list for PBXNativeTarget "CodeNotesCoreTechTests" */;
			buildPhases = (
				81FC83768AE2EDFD3092EF38 /* [CP] Check Pods Manifest.lock */,
				09FDD75229C1192900908E5D /* Sources */,
				09FDD75329C1192900908E5D /* Frameworks */,
				09FDD75429C1192900908E5D /* Resources */,
			);
			buildRules = (
			);
			dependencies = (
				09FDD75829C1192900908E5D /* PBXTargetDependency */,
			);
			name = CodeNotesCoreTechTests;
			productName = CodeNotesCoreTechTests;
			productReference = 09FDD75629C1192900908E5D /* CodeNotesCoreTechTests.xctest */;
			productType = "com.apple.product-type.bundle.unit-test";
		};
		09FDD75F29C1192900908E5D /* CodeNotesCoreTechUITests */ = {
			isa = PBXNativeTarget;
			buildConfigurationList = 09FDD77029C1192900908E5D /* Build configuration list for PBXNativeTarget "CodeNotesCoreTechUITests" */;
			buildPhases = (
				40CA8A2FE7591EFE94189DB7 /* [CP] Check Pods Manifest.lock */,
				09FDD75C29C1192900908E5D /* Sources */,
				09FDD75D29C1192900908E5D /* Frameworks */,
				09FDD75E29C1192900908E5D /* Resources */,
				19BF2900A1C06760BE726813 /* [CP] Embed Pods Frameworks */,
			);
			buildRules = (
			);
			dependencies = (
				09FDD76229C1192900908E5D /* PBXTargetDependency */,
			);
			name = CodeNotesCoreTechUITests;
			productName = CodeNotesCoreTechUITests;
			productReference = 09FDD76029C1192900908E5D /* CodeNotesCoreTechUITests.xctest */;
			productType = "com.apple.product-type.bundle.ui-testing";
		};
/* End PBXNativeTarget section */

/* Begin PBXProject section */
		09FDD73829C1192800908E5D /* Project object */ = {
			isa = PBXProject;
			attributes = {
				BuildIndependentTargetsInParallel = 1;
				LastSwiftUpdateCheck = 1420;
				LastUpgradeCheck = 1420;
				TargetAttributes = {
					09FDD73F29C1192800908E5D = {
						CreatedOnToolsVersion = 14.2;
					};
					09FDD75529C1192900908E5D = {
						CreatedOnToolsVersion = 14.2;
						TestTargetID = 09FDD73F29C1192800908E5D;
					};
					09FDD75F29C1192900908E5D = {
						CreatedOnToolsVersion = 14.2;
						TestTargetID = 09FDD73F29C1192800908E5D;
					};
				};
			};
			buildConfigurationList = 09FDD73B29C1192800908E5D /* Build configuration list for PBXProject "CodeNotesCoreTech" */;
			compatibilityVersion = "Xcode 14.0";
			developmentRegion = en;
			hasScannedForEncodings = 0;
			knownRegions = (
				en,
				Base,
			);
			mainGroup = 09FDD73729C1192800908E5D;
			productRefGroup = 09FDD74129C1192800908E5D /* Products */;
			projectDirPath = "";
			projectRoot = "";
			targets = (
				09FDD73F29C1192800908E5D /* CodeNotesCoreTech */,
				09FDD75529C1192900908E5D /* CodeNotesCoreTechTests */,
				09FDD75F29C1192900908E5D /* CodeNotesCoreTechUITests */,
			);
		};
/* End PBXProject section */

/* Begin PBXResourcesBuildPhase section */
		09FDD73E29C1192800908E5D /* Resources */ = {
			isa = PBXResourcesBuildPhase;
			buildActionMask = 2147483647;
			files = (
				09FDD75029C1192900908E5D /* LaunchScreen.storyboard in Resources */,
				09FDD74D29C1192900908E5D /* Assets.xcassets in Resources */,
				09FDD74B29C1192800908E5D /* Main.storyboard in Resources */,
			);
			runOnlyForDeploymentPostprocessing = 0;
		};
		09FDD75429C1192900908E5D /* Resources */ = {
			isa = PBXResourcesBuildPhase;
			buildActionMask = 2147483647;
			files = (
			);
			runOnlyForDeploymentPostprocessing = 0;
		};
		09FDD75E29C1192900908E5D /* Resources */ = {
			isa = PBXResourcesBuildPhase;
			buildActionMask = 2147483647;
			files = (
			);
			runOnlyForDeploymentPostprocessing = 0;
		};
/* End PBXResourcesBuildPhase section */

/* Begin PBXShellScriptBuildPhase section */
		19BF2900A1C06760BE726813 /* [CP] Embed Pods Frameworks */ = {
			isa = PBXShellScriptBuildPhase;
			buildActionMask = 2147483647;
			files = (
			);
			inputFileListPaths = (
				"${PODS_ROOT}/Target Support Files/Pods-CodeNotesCoreTech-CodeNotesCoreTechUITests/Pods-CodeNotesCoreTech-CodeNotesCoreTechUITests-frameworks-${CONFIGURATION}-input-files.xcfilelist",
			);
			name = "[CP] Embed Pods Frameworks";
			outputFileListPaths = (
				"${PODS_ROOT}/Target Support Files/Pods-CodeNotesCoreTech-CodeNotesCoreTechUITests/Pods-CodeNotesCoreTech-CodeNotesCoreTechUITests-frameworks-${CONFIGURATION}-output-files.xcfilelist",
			);
			runOnlyForDeploymentPostprocessing = 0;
			shellPath = /bin/sh;
			shellScript = "\"${PODS_ROOT}/Target Support Files/Pods-CodeNotesCoreTech-CodeNotesCoreTechUITests/Pods-CodeNotesCoreTech-CodeNotesCoreTechUITests-frameworks.sh\"\n";
			showEnvVarsInLog = 0;
		};
		362EC2A48CA45196057E72B0 /* [CP] Embed Pods Frameworks */ = {
			isa = PBXShellScriptBuildPhase;
			buildActionMask = 2147483647;
			files = (
			);
			inputFileListPaths = (
				"${PODS_ROOT}/Target Support Files/Pods-CodeNotesCoreTech/Pods-CodeNotesCoreTech-frameworks-${CONFIGURATION}-input-files.xcfilelist",
			);
			name = "[CP] Embed Pods Frameworks";
			outputFileListPaths = (
				"${PODS_ROOT}/Target Support Files/Pods-CodeNotesCoreTech/Pods-CodeNotesCoreTech-frameworks-${CONFIGURATION}-output-files.xcfilelist",
			);
			runOnlyForDeploymentPostprocessing = 0;
			shellPath = /bin/sh;
			shellScript = "\"${PODS_ROOT}/Target Support Files/Pods-CodeNotesCoreTech/Pods-CodeNotesCoreTech-frameworks.sh\"\n";
			showEnvVarsInLog = 0;
		};
		40CA8A2FE7591EFE94189DB7 /* [CP] Check Pods Manifest.lock */ = {
			isa = PBXShellScriptBuildPhase;
			buildActionMask = 2147483647;
			files = (
			);
			inputFileListPaths = (
			);
			inputPaths = (
				"${PODS_PODFILE_DIR_PATH}/Podfile.lock",
				"${PODS_ROOT}/Manifest.lock",
			);
			name = "[CP] Check Pods Manifest.lock";
			outputFileListPaths = (
			);
			outputPaths = (
				"$(DERIVED_FILE_DIR)/Pods-CodeNotesCoreTech-CodeNotesCoreTechUITests-checkManifestLockResult.txt",
			);
			runOnlyForDeploymentPostprocessing = 0;
			shellPath = /bin/sh;
			shellScript = "diff \"${PODS_PODFILE_DIR_PATH}/Podfile.lock\" \"${PODS_ROOT}/Manifest.lock\" > /dev/null\nif [ $? != 0 ] ; then\n    # print error to STDERR\n    echo \"error: The sandbox is not in sync with the Podfile.lock. Run 'pod install' or update your CocoaPods installation.\" >&2\n    exit 1\nfi\n# This output is used by Xcode 'outputs' to avoid re-running this script phase.\necho \"SUCCESS\" > \"${SCRIPT_OUTPUT_FILE_0}\"\n";
			showEnvVarsInLog = 0;
		};
		803FD003A5F768B0ACB4A1C0 /* [CP] Check Pods Manifest.lock */ = {
			isa = PBXShellScriptBuildPhase;
			buildActionMask = 2147483647;
			files = (
			);
			inputFileListPaths = (
			);
			inputPaths = (
				"${PODS_PODFILE_DIR_PATH}/Podfile.lock",
				"${PODS_ROOT}/Manifest.lock",
			);
			name = "[CP] Check Pods Manifest.lock";
			outputFileListPaths = (
			);
			outputPaths = (
				"$(DERIVED_FILE_DIR)/Pods-CodeNotesCoreTech-checkManifestLockResult.txt",
			);
			runOnlyForDeploymentPostprocessing = 0;
			shellPath = /bin/sh;
			shellScript = "diff \"${PODS_PODFILE_DIR_PATH}/Podfile.lock\" \"${PODS_ROOT}/Manifest.lock\" > /dev/null\nif [ $? != 0 ] ; then\n    # print error to STDERR\n    echo \"error: The sandbox is not in sync with the Podfile.lock. Run 'pod install' or update your CocoaPods installation.\" >&2\n    exit 1\nfi\n# This output is used by Xcode 'outputs' to avoid re-running this script phase.\necho \"SUCCESS\" > \"${SCRIPT_OUTPUT_FILE_0}\"\n";
			showEnvVarsInLog = 0;
		};
		81FC83768AE2EDFD3092EF38 /* [CP] Check Pods Manifest.lock */ = {
			isa = PBXShellScriptBuildPhase;
			buildActionMask = 2147483647;
			files = (
			);
			inputFileListPaths = (
			);
			inputPaths = (
				"${PODS_PODFILE_DIR_PATH}/Podfile.lock",
				"${PODS_ROOT}/Manifest.lock",
			);
			name = "[CP] Check Pods Manifest.lock";
			outputFileListPaths = (
			);
			outputPaths = (
				"$(DERIVED_FILE_DIR)/Pods-CodeNotesCoreTechTests-checkManifestLockResult.txt",
			);
			runOnlyForDeploymentPostprocessing = 0;
			shellPath = /bin/sh;
			shellScript = "diff \"${PODS_PODFILE_DIR_PATH}/Podfile.lock\" \"${PODS_ROOT}/Manifest.lock\" > /dev/null\nif [ $? != 0 ] ; then\n    # print error to STDERR\n    echo \"error: The sandbox is not in sync with the Podfile.lock. Run 'pod install' or update your CocoaPods installation.\" >&2\n    exit 1\nfi\n# This output is used by Xcode 'outputs' to avoid re-running this script phase.\necho \"SUCCESS\" > \"${SCRIPT_OUTPUT_FILE_0}\"\n";
			showEnvVarsInLog = 0;
		};
/* End PBXShellScriptBuildPhase section */

/* Begin PBXSourcesBuildPhase section */
		09FDD73C29C1192800908E5D /* Sources */ = {
			isa = PBXSourcesBuildPhase;
			buildActionMask = 2147483647;
			files = (
				09FDD74829C1192800908E5D /* ViewController.swift in Sources */,
				09FDD74429C1192800908E5D /* AppDelegate.swift in Sources */,
				09FDD74629C1192800908E5D /* SceneDelegate.swift in Sources */,
			);
			runOnlyForDeploymentPostprocessing = 0;
		};
		09FDD75229C1192900908E5D /* Sources */ = {
			isa = PBXSourcesBuildPhase;
			buildActionMask = 2147483647;
			files = (
				09FDD75B29C1192900908E5D /* CodeNotesCoreTechTests.swift in Sources */,
			);
			runOnlyForDeploymentPostprocessing = 0;
		};
		09FDD75C29C1192900908E5D /* Sources */ = {
			isa = PBXSourcesBuildPhase;
			buildActionMask = 2147483647;
			files = (
				09FDD76729C1192900908E5D /* CodeNotesCoreTechUITestsLaunchTests.swift in Sources */,
				09FDD76529C1192900908E5D /* CodeNotesCoreTechUITests.swift in Sources */,
			);
			runOnlyForDeploymentPostprocessing = 0;
		};
/* End PBXSourcesBuildPhase section */

/* Begin PBXTargetDependency section */
		09FDD75829C1192900908E5D /* PBXTargetDependency */ = {
			isa = PBXTargetDependency;
			target = 09FDD73F29C1192800908E5D /* CodeNotesCoreTech */;
			targetProxy = 09FDD75729C1192900908E5D /* PBXContainerItemProxy */;
		};
		09FDD76229C1192900908E5D /* PBXTargetDependency */ = {
			isa = PBXTargetDependency;
			target = 09FDD73F29C1192800908E5D /* CodeNotesCoreTech */;
			targetProxy = 09FDD76129C1192900908E5D /* PBXContainerItemProxy */;
		};
/* End PBXTargetDependency section */

/* Begin PBXVariantGroup section */
		09FDD74929C1192800908E5D /* Main.storyboard */ = {
			isa = PBXVariantGroup;
			children = (
				09FDD74A29C1192800908E5D /* Base */,
			);
			name = Main.storyboard;
			sourceTree = "<group>";
		};
		09FDD74E29C1192900908E5D /* LaunchScreen.storyboard */ = {
			isa = PBXVariantGroup;
			children = (
				09FDD74F29C1192900908E5D /* Base */,
			);
			name = LaunchScreen.storyboard;
			sourceTree = "<group>";
		};
/* End PBXVariantGroup section */

/* Begin XCBuildConfiguration section */
		09FDD76829C1192900908E5D /* Debug */ = {
			isa = XCBuildConfiguration;
			buildSettings = {
				ALWAYS_SEARCH_USER_PATHS = NO;
				CLANG_ANALYZER_NONNULL = YES;
				CLANG_ANALYZER_NUMBER_OBJECT_CONVERSION = YES_AGGRESSIVE;
				CLANG_CXX_LANGUAGE_STANDARD = "gnu++20";
				CLANG_ENABLE_MODULES = YES;
				CLANG_ENABLE_OBJC_ARC = YES;
				CLANG_ENABLE_OBJC_WEAK = YES;
				CLANG_WARN_BLOCK_CAPTURE_AUTORELEASING = YES;
				CLANG_WARN_BOOL_CONVERSION = YES;
				CLANG_WARN_COMMA = YES;
				CLANG_WARN_CONSTANT_CONVERSION = YES;
				CLANG_WARN_DEPRECATED_OBJC_IMPLEMENTATIONS = YES;
				CLANG_WARN_DIRECT_OBJC_ISA_USAGE = YES_ERROR;
				CLANG_WARN_DOCUMENTATION_COMMENTS = YES;
				CLANG_WARN_EMPTY_BODY = YES;
				CLANG_WARN_ENUM_CONVERSION = YES;
				CLANG_WARN_INFINITE_RECURSION = YES;
				CLANG_WARN_INT_CONVERSION = YES;
				CLANG_WARN_NON_LITERAL_NULL_CONVERSION = YES;
				CLANG_WARN_OBJC_IMPLICIT_RETAIN_SELF = YES;
				CLANG_WARN_OBJC_LITERAL_CONVERSION = YES;
				CLANG_WARN_OBJC_ROOT_CLASS = YES_ERROR;
				CLANG_WARN_QUOTED_INCLUDE_IN_FRAMEWORK_HEADER = YES;
				CLANG_WARN_RANGE_LOOP_ANALYSIS = YES;
				CLANG_WARN_STRICT_PROTOTYPES = YES;
				CLANG_WARN_SUSPICIOUS_MOVE = YES;
				CLANG_WARN_UNGUARDED_AVAILABILITY = YES_AGGRESSIVE;
				CLANG_WARN_UNREACHABLE_CODE = YES;
				CLANG_WARN__DUPLICATE_METHOD_MATCH = YES;
				COPY_PHASE_STRIP = NO;
				DEBUG_INFORMATION_FORMAT = dwarf;
				ENABLE_STRICT_OBJC_MSGSEND = YES;
				ENABLE_TESTABILITY = YES;
				GCC_C_LANGUAGE_STANDARD = gnu11;
				GCC_DYNAMIC_NO_PIC = NO;
				GCC_NO_COMMON_BLOCKS = YES;
				GCC_OPTIMIZATION_LEVEL = 0;
				GCC_PREPROCESSOR_DEFINITIONS = (
					"DEBUG=1",
					"$(inherited)",
				);
				GCC_WARN_64_TO_32_BIT_CONVERSION = YES;
				GCC_WARN_ABOUT_RETURN_TYPE = YES_ERROR;
				GCC_WARN_UNDECLARED_SELECTOR = YES;
				GCC_WARN_UNINITIALIZED_AUTOS = YES_AGGRESSIVE;
				GCC_WARN_UNUSED_FUNCTION = YES;
				GCC_WARN_UNUSED_VARIABLE = YES;
				IPHONEOS_DEPLOYMENT_TARGET = 15.0;
				MTL_ENABLE_DEBUG_INFO = INCLUDE_SOURCE;
				MTL_FAST_MATH = YES;
				ONLY_ACTIVE_ARCH = YES;
				SDKROOT = iphoneos;
				SWIFT_ACTIVE_COMPILATION_CONDITIONS = DEBUG;
				SWIFT_OPTIMIZATION_LEVEL = "-Onone";
			};
			name = Debug;
		};
		09FDD76929C1192900908E5D /* Release */ = {
			isa = XCBuildConfiguration;
			buildSettings = {
				ALWAYS_SEARCH_USER_PATHS = NO;
				CLANG_ANALYZER_NONNULL = YES;
				CLANG_ANALYZER_NUMBER_OBJECT_CONVERSION = YES_AGGRESSIVE;
				CLANG_CXX_LANGUAGE_STANDARD = "gnu++20";
				CLANG_ENABLE_MODULES = YES;
				CLANG_ENABLE_OBJC_ARC = YES;
				CLANG_ENABLE_OBJC_WEAK = YES;
				CLANG_WARN_BLOCK_CAPTURE_AUTORELEASING = YES;
				CLANG_WARN_BOOL_CONVERSION = YES;
				CLANG_WARN_COMMA = YES;
				CLANG_WARN_CONSTANT_CONVERSION = YES;
				CLANG_WARN_DEPRECATED_OBJC_IMPLEMENTATIONS = YES;
				CLANG_WARN_DIRECT_OBJC_ISA_USAGE = YES_ERROR;
				CLANG_WARN_DOCUMENTATION_COMMENTS = YES;
				CLANG_WARN_EMPTY_BODY = YES;
				CLANG_WARN_ENUM_CONVERSION = YES;
				CLANG_WARN_INFINITE_RECURSION = YES;
				CLANG_WARN_INT_CONVERSION = YES;
				CLANG_WARN_NON_LITERAL_NULL_CONVERSION = YES;
				CLANG_WARN_OBJC_IMPLICIT_RETAIN_SELF = YES;
				CLANG_WARN_OBJC_LITERAL_CONVERSION = YES;
				CLANG_WARN_OBJC_ROOT_CLASS = YES_ERROR;
				CLANG_WARN_QUOTED_INCLUDE_IN_FRAMEWORK_HEADER = YES;
				CLANG_WARN_RANGE_LOOP_ANALYSIS = YES;
				CLANG_WARN_STRICT_PROTOTYPES = YES;
				CLANG_WARN_SUSPICIOUS_MOVE = YES;
				CLANG_WARN_UNGUARDED_AVAILABILITY = YES_AGGRESSIVE;
				CLANG_WARN_UNREACHABLE_CODE = YES;
				CLANG_WARN__DUPLICATE_METHOD_MATCH = YES;
				COPY_PHASE_STRIP = NO;
				DEBUG_INFORMATION_FORMAT = "dwarf-with-dsym";
				ENABLE_NS_ASSERTIONS = NO;
				ENABLE_STRICT_OBJC_MSGSEND = YES;
				GCC_C_LANGUAGE_STANDARD = gnu11;
				GCC_NO_COMMON_BLOCKS = YES;
				GCC_WARN_64_TO_32_BIT_CONVERSION = YES;
				GCC_WARN_ABOUT_RETURN_TYPE = YES_ERROR;
				GCC_WARN_UNDECLARED_SELECTOR = YES;
				GCC_WARN_UNINITIALIZED_AUTOS = YES_AGGRESSIVE;
				GCC_WARN_UNUSED_FUNCTION = YES;
				GCC_WARN_UNUSED_VARIABLE = YES;
				IPHONEOS_DEPLOYMENT_TARGET = 15.0;
				MTL_ENABLE_DEBUG_INFO = NO;
				MTL_FAST_MATH = YES;
				SDKROOT = iphoneos;
				SWIFT_COMPILATION_MODE = wholemodule;
				SWIFT_OPTIMIZATION_LEVEL = "-O";
				VALIDATE_PRODUCT = YES;
			};
			name = Release;
		};
		09FDD76B29C1192900908E5D /* Debug */ = {
			isa = XCBuildConfiguration;
			baseConfigurationReference = 4A110247FD62F525437D2F8F /* Pods-CodeNotesCoreTech.debug.xcconfig */;
			buildSettings = {
				ASSETCATALOG_COMPILER_APPICON_NAME = AppIcon;
				ASSETCATALOG_COMPILER_GLOBAL_ACCENT_COLOR_NAME = AccentColor;
				CODE_SIGN_STYLE = Automatic;
				CURRENT_PROJECT_VERSION = 1;
				DEVELOPMENT_TEAM = 29NK9SN3RA;
				GENERATE_INFOPLIST_FILE = YES;
				INFOPLIST_FILE = CodeNotesCoreTech/Info.plist;
				INFOPLIST_KEY_UIApplicationSupportsIndirectInputEvents = YES;
				INFOPLIST_KEY_UILaunchStoryboardName = LaunchScreen;
				INFOPLIST_KEY_UIMainStoryboardFile = Main;
				INFOPLIST_KEY_UISupportedInterfaceOrientations_iPad = "UIInterfaceOrientationPortrait UIInterfaceOrientationPortraitUpsideDown UIInterfaceOrientationLandscapeLeft UIInterfaceOrientationLandscapeRight";
				INFOPLIST_KEY_UISupportedInterfaceOrientations_iPhone = "UIInterfaceOrientationPortrait UIInterfaceOrientationLandscapeLeft UIInterfaceOrientationLandscapeRight";
				LD_RUNPATH_SEARCH_PATHS = (
					"$(inherited)",
					"@executable_path/Frameworks",
				);
				MARKETING_VERSION = 1.0;
				PRODUCT_BUNDLE_IDENTIFIER = Arihant.Jain.CodeNotesCoreTech;
				PRODUCT_NAME = "$(TARGET_NAME)";
				SWIFT_EMIT_LOC_STRINGS = YES;
				SWIFT_VERSION = 5.0;
				TARGETED_DEVICE_FAMILY = "1,2";
			};
			name = Debug;
		};
		09FDD76C29C1192900908E5D /* Release */ = {
			isa = XCBuildConfiguration;
			baseConfigurationReference = 49A350748AD8EC46215AD2E5 /* Pods-CodeNotesCoreTech.release.xcconfig */;
			buildSettings = {
				ASSETCATALOG_COMPILER_APPICON_NAME = AppIcon;
				ASSETCATALOG_COMPILER_GLOBAL_ACCENT_COLOR_NAME = AccentColor;
				CODE_SIGN_STYLE = Automatic;
				CURRENT_PROJECT_VERSION = 1;
				DEVELOPMENT_TEAM = 29NK9SN3RA;
				GENERATE_INFOPLIST_FILE = YES;
				INFOPLIST_FILE = CodeNotesCoreTech/Info.plist;
				INFOPLIST_KEY_UIApplicationSupportsIndirectInputEvents = YES;
				INFOPLIST_KEY_UILaunchStoryboardName = LaunchScreen;
				INFOPLIST_KEY_UIMainStoryboardFile = Main;
				INFOPLIST_KEY_UISupportedInterfaceOrientations_iPad = "UIInterfaceOrientationPortrait UIInterfaceOrientationPortraitUpsideDown UIInterfaceOrientationLandscapeLeft UIInterfaceOrientationLandscapeRight";
				INFOPLIST_KEY_UISupportedInterfaceOrientations_iPhone = "UIInterfaceOrientationPortrait UIInterfaceOrientationLandscapeLeft UIInterfaceOrientationLandscapeRight";
				LD_RUNPATH_SEARCH_PATHS = (
					"$(inherited)",
					"@executable_path/Frameworks",
				);
				MARKETING_VERSION = 1.0;
				PRODUCT_BUNDLE_IDENTIFIER = Arihant.Jain.CodeNotesCoreTech;
				PRODUCT_NAME = "$(TARGET_NAME)";
				SWIFT_EMIT_LOC_STRINGS = YES;
				SWIFT_VERSION = 5.0;
				TARGETED_DEVICE_FAMILY = "1,2";
			};
			name = Release;
		};
		09FDD76E29C1192900908E5D /* Debug */ = {
			isa = XCBuildConfiguration;
			baseConfigurationReference = C7AFF07D654A14A58A543845 /* Pods-CodeNotesCoreTechTests.debug.xcconfig */;
			buildSettings = {
				ALWAYS_EMBED_SWIFT_STANDARD_LIBRARIES = YES;
				BUNDLE_LOADER = "$(TEST_HOST)";
				CODE_SIGN_STYLE = Automatic;
				CURRENT_PROJECT_VERSION = 1;
				DEVELOPMENT_TEAM = 48M3H3QSX7;
				GENERATE_INFOPLIST_FILE = YES;
				IPHONEOS_DEPLOYMENT_TARGET = 16.2;
				MARKETING_VERSION = 1.0;
				PRODUCT_BUNDLE_IDENTIFIER = Arihant.Jain.CodeNotesCoreTechTests;
				PRODUCT_NAME = "$(TARGET_NAME)";
				SWIFT_EMIT_LOC_STRINGS = NO;
				SWIFT_VERSION = 5.0;
				TARGETED_DEVICE_FAMILY = "1,2";
				TEST_HOST = "$(BUILT_PRODUCTS_DIR)/CodeNotesCoreTech.app/$(BUNDLE_EXECUTABLE_FOLDER_PATH)/CodeNotesCoreTech";
			};
			name = Debug;
		};
		09FDD76F29C1192900908E5D /* Release */ = {
			isa = XCBuildConfiguration;
			baseConfigurationReference = 75ED5EB15600D02363461568 /* Pods-CodeNotesCoreTechTests.release.xcconfig */;
			buildSettings = {
				ALWAYS_EMBED_SWIFT_STANDARD_LIBRARIES = YES;
				BUNDLE_LOADER = "$(TEST_HOST)";
				CODE_SIGN_STYLE = Automatic;
				CURRENT_PROJECT_VERSION = 1;
				DEVELOPMENT_TEAM = 48M3H3QSX7;
				GENERATE_INFOPLIST_FILE = YES;
				IPHONEOS_DEPLOYMENT_TARGET = 16.2;
				MARKETING_VERSION = 1.0;
				PRODUCT_BUNDLE_IDENTIFIER = Arihant.Jain.CodeNotesCoreTechTests;
				PRODUCT_NAME = "$(TARGET_NAME)";
				SWIFT_EMIT_LOC_STRINGS = NO;
				SWIFT_VERSION = 5.0;
				TARGETED_DEVICE_FAMILY = "1,2";
				TEST_HOST = "$(BUILT_PRODUCTS_DIR)/CodeNotesCoreTech.app/$(BUNDLE_EXECUTABLE_FOLDER_PATH)/CodeNotesCoreTech";
			};
			name = Release;
		};
		09FDD77129C1192900908E5D /* Debug */ = {
			isa = XCBuildConfiguration;
			baseConfigurationReference = E7F5CC3456F1A9215A6CE25D /* Pods-CodeNotesCoreTech-CodeNotesCoreTechUITests.debug.xcconfig */;
			buildSettings = {
				ALWAYS_EMBED_SWIFT_STANDARD_LIBRARIES = YES;
				CODE_SIGN_STYLE = Automatic;
				CURRENT_PROJECT_VERSION = 1;
				DEVELOPMENT_TEAM = 48M3H3QSX7;
				GENERATE_INFOPLIST_FILE = YES;
				MARKETING_VERSION = 1.0;
				PRODUCT_BUNDLE_IDENTIFIER = Arihant.Jain.CodeNotesCoreTechUITests;
				PRODUCT_NAME = "$(TARGET_NAME)";
				SWIFT_EMIT_LOC_STRINGS = NO;
				SWIFT_VERSION = 5.0;
				TARGETED_DEVICE_FAMILY = "1,2";
				TEST_TARGET_NAME = CodeNotesCoreTech;
			};
			name = Debug;
		};
		09FDD77229C1192900908E5D /* Release */ = {
			isa = XCBuildConfiguration;
			baseConfigurationReference = EC75B54D62651DF6D653ACA0 /* Pods-CodeNotesCoreTech-CodeNotesCoreTechUITests.release.xcconfig */;
			buildSettings = {
				ALWAYS_EMBED_SWIFT_STANDARD_LIBRARIES = YES;
				CODE_SIGN_STYLE = Automatic;
				CURRENT_PROJECT_VERSION = 1;
				DEVELOPMENT_TEAM = 48M3H3QSX7;
				GENERATE_INFOPLIST_FILE = YES;
				MARKETING_VERSION = 1.0;
				PRODUCT_BUNDLE_IDENTIFIER = Arihant.Jain.CodeNotesCoreTechUITests;
				PRODUCT_NAME = "$(TARGET_NAME)";
				SWIFT_EMIT_LOC_STRINGS = NO;
				SWIFT_VERSION = 5.0;
				TARGETED_DEVICE_FAMILY = "1,2";
				TEST_TARGET_NAME = CodeNotesCoreTech;
			};
			name = Release;
		};
/* End XCBuildConfiguration section */

/* Begin XCConfigurationList section */
		09FDD73B29C1192800908E5D /* Build configuration list for PBXProject "CodeNotesCoreTech" */ = {
			isa = XCConfigurationList;
			buildConfigurations = (
				09FDD76829C1192900908E5D /* Debug */,
				09FDD76929C1192900908E5D /* Release */,
			);
			defaultConfigurationIsVisible = 0;
			defaultConfigurationName = Release;
		};
		09FDD76A29C1192900908E5D /* Build configuration list for PBXNativeTarget "CodeNotesCoreTech" */ = {
			isa = XCConfigurationList;
			buildConfigurations = (
				09FDD76B29C1192900908E5D /* Debug */,
				09FDD76C29C1192900908E5D /* Release */,
			);
			defaultConfigurationIsVisible = 0;
			defaultConfigurationName = Release;
		};
		09FDD76D29C1192900908E5D /* Build configuration list for PBXNativeTarget "CodeNotesCoreTechTests" */ = {
			isa = XCConfigurationList;
			buildConfigurations = (
				09FDD76E29C1192900908E5D /* Debug */,
				09FDD76F29C1192900908E5D /* Release */,
			);
			defaultConfigurationIsVisible = 0;
			defaultConfigurationName = Release;
		};
		09FDD77029C1192900908E5D /* Build configuration list for PBXNativeTarget "CodeNotesCoreTechUITests" */ = {
			isa = XCConfigurationList;
			buildConfigurations = (
				09FDD77129C1192900908E5D /* Debug */,
				09FDD77229C1192900908E5D /* Release */,
			);
			defaultConfigurationIsVisible = 0;
			defaultConfigurationName = Release;
		};
/* End XCConfigurationList section */
	};
	rootObject = 09FDD73829C1192800908E5D /* Project object */;
}
